
Microsoft Visual Studio Solution File, Format Version 12.00
# Visual Studio Version 16
VisualStudioVersion = 16.0.31105.61
MinimumVisualStudioVersion = 10.0.40219.1
Project("{FAE04EC0-301F-11D3-BF4B-00C04F79EFBC}") = "RPG", "RPG\RPG.csproj", "{C7754BA4-E821-47D6-A11F-2009334F9354}"
EndProject
Global
	GlobalSection(SolutionConfigurationPlatforms) = preSolution
		Debug|Any CPU = Debug|Any CPU
		Release|Any CPU = Release|Any CPU
	EndGlobalSection
	GlobalSection(ProjectConfigurationPlatforms) = postSolution
		{C7754BA4-E821-47D6-A11F-2009334F9354}.Debug|Any CPU.ActiveCfg = Debug|Any CPU
		{C7754BA4-E821-47D6-A11F-2009334F9354}.Debug|Any CPU.Build.0 = Debug|Any CPU
		{C7754BA4-E821-47D6-A11F-2009334F9354}.Release|Any CPU.ActiveCfg = Release|Any CPU
		{C7754BA4-E821-47D6-A11F-2009334F9354}.Release|Any CPU.Build.0 = Release|Any CPU
	EndGlobalSection
	GlobalSection(SolutionProperties) = preSolution
		HideSolutionNode = FALSE
	EndGlobalSection
	GlobalSection(ExtensibilityGlobals) = postSolution
		SolutionGuid = {8F80C154-750D-4A96-A63E-9B104E1A8984}
	EndGlobalSection
EndGlobal
