
Microsoft Visual Studio Solution File, Format Version 12.00
# Visual Studio Version 16
VisualStudioVersion = 16.0.29806.167
MinimumVisualStudioVersion = 10.0.40219.1
Project("{FAE04EC0-301F-11D3-BF4B-00C04F79EFBC}") = "RPG-OOP", "RPG-OOP\RPG-OOP.csproj", "{73D3A505-290F-48BC-A93D-3067963584C0}"
EndProject
Global
	GlobalSection(SolutionConfigurationPlatforms) = preSolution
		Debug|Any CPU = Debug|Any CPU
		Release|Any CPU = Release|Any CPU
	EndGlobalSection
	GlobalSection(ProjectConfigurationPlatforms) = postSolution
		{73D3A505-290F-48BC-A93D-3067963584C0}.Debug|Any CPU.ActiveCfg = Debug|Any CPU
		{73D3A505-290F-48BC-A93D-3067963584C0}.Debug|Any CPU.Build.0 = Debug|Any CPU
		{73D3A505-290F-48BC-A93D-3067963584C0}.Release|Any CPU.ActiveCfg = Release|Any CPU
		{73D3A505-290F-48BC-A93D-3067963584C0}.Release|Any CPU.Build.0 = Release|Any CPU
	EndGlobalSection
	GlobalSection(SolutionProperties) = preSolution
		HideSolutionNode = FALSE
	EndGlobalSection
	GlobalSection(ExtensibilityGlobals) = postSolution
		SolutionGuid = {4ADA44B6-056B-491C-8E9B-CBFB2A121D93}
	EndGlobalSection
EndGlobal
